// !$*UTF8*$!
{
	archiveVersion = 1;
	classes = {
	};
	objectVersion = 55;
	objects = {

/* Begin PBXBuildFile section */
		BD677B18289816D600DC7800 /* AppDelegate.swift in Sources */ = {isa = PBXBuildFile; fileRef = BD677B17289816D600DC7800 /* AppDelegate.swift */; };
		BD677B1A289816D600DC7800 /* SceneDelegate.swift in Sources */ = {isa = PBXBuildFile; fileRef = BD677B19289816D600DC7800 /* SceneDelegate.swift */; };
		BD677B1C289816D600DC7800 /* ViewController.swift in Sources */ = {isa = PBXBuildFile; fileRef = BD677B1B289816D600DC7800 /* ViewController.swift */; };
		BD677B1F289816D600DC7800 /* Main.storyboard in Resources */ = {isa = PBXBuildFile; fileRef = BD677B1D289816D600DC7800 /* Main.storyboard */; };
		BD677B22289816D600DC7800 /* github.xcdatamodeld in Sources */ = {isa = PBXBuildFile; fileRef = BD677B20289816D600DC7800 /* github.xcdatamodeld */; };
		BD677B24289816D800DC7800 /* Assets.xcassets in Resources */ = {isa = PBXBuildFile; fileRef = BD677B23289816D800DC7800 /* Assets.xcassets */; };
		BD677B27289816D800DC7800 /* LaunchScreen.storyboard in Resources */ = {isa = PBXBuildFile; fileRef = BD677B25289816D800DC7800 /* LaunchScreen.storyboard */; };
		BD677B32289816D800DC7800 /* githubTests.swift in Sources */ = {isa = PBXBuildFile; fileRef = BD677B31289816D800DC7800 /* githubTests.swift */; };
		BD677B3C289816D800DC7800 /* githubUITests.swift in Sources */ = {isa = PBXBuildFile; fileRef = BD677B3B289816D800DC7800 /* githubUITests.swift */; };
		BD677B3E289816D800DC7800 /* githubUITestsLaunchTests.swift in Sources */ = {isa = PBXBuildFile; fileRef = BD677B3D289816D800DC7800 /* githubUITestsLaunchTests.swift */; };
/* End PBXBuildFile section */

/* Begin PBXContainerItemProxy section */
		BD677B2E289816D800DC7800 /* PBXContainerItemProxy */ = {
			isa = PBXContainerItemProxy;
			containerPortal = BD677B0C289816D600DC7800 /* Project object */;
			proxyType = 1;
			remoteGlobalIDString = BD677B13289816D600DC7800;
			remoteInfo = github;
		};
		BD677B38289816D800DC7800 /* PBXContainerItemProxy */ = {
			isa = PBXContainerItemProxy;
			containerPortal = BD677B0C289816D600DC7800 /* Project object */;
			proxyType = 1;
			remoteGlobalIDString = BD677B13289816D600DC7800;
			remoteInfo = github;
		};
/* End PBXContainerItemProxy section */

/* Begin PBXFileReference section */
		BD677B14289816D600DC7800 /* github.app */ = {isa = PBXFileReference; explicitFileType = wrapper.application; includeInIndex = 0; path = github.app; sourceTree = BUILT_PRODUCTS_DIR; };
		BD677B17289816D600DC7800 /* AppDelegate.swift */ = {isa = PBXFileReference; lastKnownFileType = sourcecode.swift; path = AppDelegate.swift; sourceTree = "<group>"; };
		BD677B19289816D600DC7800 /* SceneDelegate.swift */ = {isa = PBXFileReference; lastKnownFileType = sourcecode.swift; path = SceneDelegate.swift; sourceTree = "<group>"; };
		BD677B1B289816D600DC7800 /* ViewController.swift */ = {isa = PBXFileReference; lastKnownFileType = sourcecode.swift; path = ViewController.swift; sourceTree = "<group>"; };
		BD677B1E289816D600DC7800 /* Base */ = {isa = PBXFileReference; lastKnownFileType = file.storyboard; name = Base; path = Base.lproj/Main.storyboard; sourceTree = "<group>"; };
		BD677B21289816D600DC7800 /* github.xcdatamodel */ = {isa = PBXFileReference; lastKnownFileType = wrapper.xcdatamodel; path = github.xcdatamodel; sourceTree = "<group>"; };
		BD677B23289816D800DC7800 /* Assets.xcassets */ = {isa = PBXFileReference; lastKnownFileType = folder.assetcatalog; path = Assets.xcassets; sourceTree = "<group>"; };
		BD677B26289816D800DC7800 /* Base */ = {isa = PBXFileReference; lastKnownFileType = file.storyboard; name = Base; path = Base.lproj/LaunchScreen.storyboard; sourceTree = "<group>"; };
		BD677B28289816D800DC7800 /* Info.plist */ = {isa = PBXFileReference; lastKnownFileType = text.plist.xml; path = Info.plist; sourceTree = "<group>"; };
		BD677B2D289816D800DC7800 /* githubTests.xctest */ = {isa = PBXFileReference; explicitFileType = wrapper.cfbundle; includeInIndex = 0; path = githubTests.xctest; sourceTree = BUILT_PRODUCTS_DIR; };
		BD677B31289816D800DC7800 /* githubTests.swift */ = {isa = PBXFileReference; lastKnownFileType = sourcecode.swift; path = githubTests.swift; sourceTree = "<group>"; };
		BD677B37289816D800DC7800 /* githubUITests.xctest */ = {isa = PBXFileReference; explicitFileType = wrapper.cfbundle; includeInIndex = 0; path = githubUITests.xctest; sourceTree = BUILT_PRODUCTS_DIR; };
		BD677B3B289816D800DC7800 /* githubUITests.swift */ = {isa = PBXFileReference; lastKnownFileType = sourcecode.swift; path = githubUITests.swift; sourceTree = "<group>"; };
		BD677B3D289816D800DC7800 /* githubUITestsLaunchTests.swift */ = {isa = PBXFileReference; lastKnownFileType = sourcecode.swift; path = githubUITestsLaunchTests.swift; sourceTree = "<group>"; };
/* End PBXFileReference section */

/* Begin PBXFrameworksBuildPhase section */
		BD677B11289816D600DC7800 /* Frameworks */ = {
			isa = PBXFrameworksBuildPhase;
			buildActionMask = 2147483647;
			files = (
			);
			runOnlyForDeploymentPostprocessing = 0;
		};
		BD677B2A289816D800DC7800 /* Frameworks */ = {
			isa = PBXFrameworksBuildPhase;
			buildActionMask = 2147483647;
			files = (
			);
			runOnlyForDeploymentPostprocessing = 0;
		};
		BD677B34289816D800DC7800 /* Frameworks */ = {
			isa = PBXFrameworksBuildPhase;
			buildActionMask = 2147483647;
			files = (
			);
			runOnlyForDeploymentPostprocessing = 0;
		};
/* End PBXFrameworksBuildPhase section */

/* Begin PBXGroup section */
		BD677B0B289816D600DC7800 = {
			isa = PBXGroup;
			children = (
				BD677B16289816D600DC7800 /* github */,
				BD677B30289816D800DC7800 /* githubTests */,
				BD677B3A289816D800DC7800 /* githubUITests */,
				BD677B15289816D600DC7800 /* Products */,
			);
			sourceTree = "<group>";
		};
		BD677B15289816D600DC7800 /* Products */ = {
			isa = PBXGroup;
			children = (
				BD677B14289816D600DC7800 /* github.app */,
				BD677B2D289816D800DC7800 /* githubTests.xctest */,
				BD677B37289816D800DC7800 /* githubUITests.xctest */,
			);
			name = Products;
			sourceTree = "<group>";
		};
		BD677B16289816D600DC7800 /* github */ = {
			isa = PBXGroup;
			children = (
				BD677B17289816D600DC7800 /* AppDelegate.swift */,
				BD677B19289816D600DC7800 /* SceneDelegate.swift */,
				BD677B1B289816D600DC7800 /* ViewController.swift */,
				BD677B1D289816D600DC7800 /* Main.storyboard */,
				BD677B23289816D800DC7800 /* Assets.xcassets */,
				BD677B25289816D800DC7800 /* LaunchScreen.storyboard */,
				BD677B28289816D800DC7800 /* Info.plist */,
				BD677B20289816D600DC7800 /* github.xcdatamodeld */,
			);
			path = github;
			sourceTree = "<group>";
		};
		BD677B30289816D800DC7800 /* githubTests */ = {
			isa = PBXGroup;
			children = (
				BD677B31289816D800DC7800 /* githubTests.swift */,
			);
			path = githubTests;
			sourceTree = "<group>";
		};
		BD677B3A289816D800DC7800 /* githubUITests */ = {
			isa = PBXGroup;
			children = (
				BD677B3B289816D800DC7800 /* githubUITests.swift */,
				BD677B3D289816D800DC7800 /* githubUITestsLaunchTests.swift */,
			);
			path = githubUITests;
			sourceTree = "<group>";
		};
/* End PBXGroup section */

/* Begin PBXNativeTarget section */
		BD677B13289816D600DC7800 /* github */ = {
			isa = PBXNativeTarget;
			buildConfigurationList = BD677B41289816D800DC7800 /* Build configuration list for PBXNativeTarget "github" */;
			buildPhases = (
				BD677B10289816D600DC7800 /* Sources */,
				BD677B11289816D600DC7800 /* Frameworks */,
				BD677B12289816D600DC7800 /* Resources */,
			);
			buildRules = (
			);
			dependencies = (
			);
			name = github;
			productName = github;
			productReference = BD677B14289816D600DC7800 /* github.app */;
			productType = "com.apple.product-type.application";
		};
		BD677B2C289816D800DC7800 /* githubTests */ = {
			isa = PBXNativeTarget;
			buildConfigurationList = BD677B44289816D800DC7800 /* Build configuration list for PBXNativeTarget "githubTests" */;
			buildPhases = (
				BD677B29289816D800DC7800 /* Sources */,
				BD677B2A289816D800DC7800 /* Frameworks */,
				BD677B2B289816D800DC7800 /* Resources */,
			);
			buildRules = (
			);
			dependencies = (
				BD677B2F289816D800DC7800 /* PBXTargetDependency */,
			);
			name = githubTests;
			productName = githubTests;
			productReference = BD677B2D289816D800DC7800 /* githubTests.xctest */;
			productType = "com.apple.product-type.bundle.unit-test";
		};
		BD677B36289816D800DC7800 /* githubUITests */ = {
			isa = PBXNativeTarget;
			buildConfigurationList = BD677B47289816D800DC7800 /* Build configuration list for PBXNativeTarget "githubUITests" */;
			buildPhases = (
				BD677B33289816D800DC7800 /* Sources */,
				BD677B34289816D800DC7800 /* Frameworks */,
				BD677B35289816D800DC7800 /* Resources */,
			);
			buildRules = (
			);
			dependencies = (
				BD677B39289816D800DC7800 /* PBXTargetDependency */,
			);
			name = githubUITests;
			productName = githubUITests;
			productReference = BD677B37289816D800DC7800 /* githubUITests.xctest */;
			productType = "com.apple.product-type.bundle.ui-testing";
		};
/* End PBXNativeTarget section */

/* Begin PBXProject section */
		BD677B0C289816D600DC7800 /* Project object */ = {
			isa = PBXProject;
			attributes = {
				BuildIndependentTargetsInParallel = 1;
				LastSwiftUpdateCheck = 1340;
				LastUpgradeCheck = 1340;
				TargetAttributes = {
					BD677B13289816D600DC7800 = {
						CreatedOnToolsVersion = 13.4.1;
					};
					BD677B2C289816D800DC7800 = {
						CreatedOnToolsVersion = 13.4.1;
						TestTargetID = BD677B13289816D600DC7800;
					};
					BD677B36289816D800DC7800 = {
						CreatedOnToolsVersion = 13.4.1;
						TestTargetID = BD677B13289816D600DC7800;
					};
				};
			};
			buildConfigurationList = BD677B0F289816D600DC7800 /* Build configuration list for PBXProject "github" */;
			compatibilityVersion = "Xcode 13.0";
			developmentRegion = en;
			hasScannedForEncodings = 0;
			knownRegions = (
				en,
				Base,
			);
			mainGroup = BD677B0B289816D600DC7800;
			productRefGroup = BD677B15289816D600DC7800 /* Products */;
			projectDirPath = "";
			projectRoot = "";
			targets = (
				BD677B13289816D600DC7800 /* github */,
				BD677B2C289816D800DC7800 /* githubTests */,
				BD677B36289816D800DC7800 /* githubUITests */,
			);
		};
/* End PBXProject section */

/* Begin PBXResourcesBuildPhase section */
		BD677B12289816D600DC7800 /* Resources */ = {
			isa = PBXResourcesBuildPhase;
			buildActionMask = 2147483647;
			files = (
				BD677B27289816D800DC7800 /* LaunchScreen.storyboard in Resources */,
				BD677B24289816D800DC7800 /* Assets.xcassets in Resources */,
				BD677B1F289816D600DC7800 /* Main.storyboard in Resources */,
			);
			runOnlyForDeploymentPostprocessing = 0;
		};
		BD677B2B289816D800DC7800 /* Resources */ = {
			isa = PBXResourcesBuildPhase;
			buildActionMask = 2147483647;
			files = (
			);
			runOnlyForDeploymentPostprocessing = 0;
		};
		BD677B35289816D800DC7800 /* Resources */ = {
			isa = PBXResourcesBuildPhase;
			buildActionMask = 2147483647;
			files = (
			);
			runOnlyForDeploymentPostprocessing = 0;
		};
/* End PBXResourcesBuildPhase section */

/* Begin PBXSourcesBuildPhase section */
		BD677B10289816D600DC7800 /* Sources */ = {
			isa = PBXSourcesBuildPhase;
			buildActionMask = 2147483647;
			files = (
				BD677B1C289816D600DC7800 /* ViewController.swift in Sources */,
				BD677B18289816D600DC7800 /* AppDelegate.swift in Sources */,
				BD677B22289816D600DC7800 /* github.xcdatamodeld in Sources */,
				BD677B1A289816D600DC7800 /* SceneDelegate.swift in Sources */,
			);
			runOnlyForDeploymentPostprocessing = 0;
		};
		BD677B29289816D800DC7800 /* Sources */ = {
			isa = PBXSourcesBuildPhase;
			buildActionMask = 2147483647;
			files = (
				BD677B32289816D800DC7800 /* githubTests.swift in Sources */,
			);
			runOnlyForDeploymentPostprocessing = 0;
		};
		BD677B33289816D800DC7800 /* Sources */ = {
			isa = PBXSourcesBuildPhase;
			buildActionMask = 2147483647;
			files = (
				BD677B3C289816D800DC7800 /* githubUITests.swift in Sources */,
				BD677B3E289816D800DC7800 /* githubUITestsLaunchTests.swift in Sources */,
			);
			runOnlyForDeploymentPostprocessing = 0;
		};
/* End PBXSourcesBuildPhase section */

/* Begin PBXTargetDependency section */
		BD677B2F289816D800DC7800 /* PBXTargetDependency */ = {
			isa = PBXTargetDependency;
			target = BD677B13289816D600DC7800 /* github */;
			targetProxy = BD677B2E289816D800DC7800 /* PBXContainerItemProxy */;
		};
		BD677B39289816D800DC7800 /* PBXTargetDependency */ = {
			isa = PBXTargetDependency;
			target = BD677B13289816D600DC7800 /* github */;
			targetProxy = BD677B38289816D800DC7800 /* PBXContainerItemProxy */;
		};
/* End PBXTargetDependency section */

/* Begin PBXVariantGroup section */
		BD677B1D289816D600DC7800 /* Main.storyboard */ = {
			isa = PBXVariantGroup;
			children = (
				BD677B1E289816D600DC7800 /* Base */,
			);
			name = Main.storyboard;
			sourceTree = "<group>";
		};
		BD677B25289816D800DC7800 /* LaunchScreen.storyboard */ = {
			isa = PBXVariantGroup;
			children = (
				BD677B26289816D800DC7800 /* Base */,
			);
			name = LaunchScreen.storyboard;
			sourceTree = "<group>";
		};
/* End PBXVariantGroup section */

/* Begin XCBuildConfiguration section */
		BD677B3F289816D800DC7800 /* Debug */ = {
			isa = XCBuildConfiguration;
			buildSettings = {
				ALWAYS_SEARCH_USER_PATHS = NO;
				CLANG_ANALYZER_NONNULL = YES;
				CLANG_ANALYZER_NUMBER_OBJECT_CONVERSION = YES_AGGRESSIVE;
				CLANG_CXX_LANGUAGE_STANDARD = "gnu++17";
				CLANG_ENABLE_MODULES = YES;
				CLANG_ENABLE_OBJC_ARC = YES;
				CLANG_ENABLE_OBJC_WEAK = YES;
				CLANG_WARN_BLOCK_CAPTURE_AUTORELEASING = YES;
				CLANG_WARN_BOOL_CONVERSION = YES;
				CLANG_WARN_COMMA = YES;
				CLANG_WARN_CONSTANT_CONVERSION = YES;
				CLANG_WARN_DEPRECATED_OBJC_IMPLEMENTATIONS = YES;
				CLANG_WARN_DIRECT_OBJC_ISA_USAGE = YES_ERROR;
				CLANG_WARN_DOCUMENTATION_COMMENTS = YES;
				CLANG_WARN_EMPTY_BODY = YES;
				CLANG_WARN_ENUM_CONVERSION = YES;
				CLANG_WARN_INFINITE_RECURSION = YES;
				CLANG_WARN_INT_CONVERSION = YES;
				CLANG_WARN_NON_LITERAL_NULL_CONVERSION = YES;
				CLANG_WARN_OBJC_IMPLICIT_RETAIN_SELF = YES;
				CLANG_WARN_OBJC_LITERAL_CONVERSION = YES;
				CLANG_WARN_OBJC_ROOT_CLASS = YES_ERROR;
				CLANG_WARN_QUOTED_INCLUDE_IN_FRAMEWORK_HEADER = YES;
				CLANG_WARN_RANGE_LOOP_ANALYSIS = YES;
				CLANG_WARN_STRICT_PROTOTYPES = YES;
				CLANG_WARN_SUSPICIOUS_MOVE = YES;
				CLANG_WARN_UNGUARDED_AVAILABILITY = YES_AGGRESSIVE;
				CLANG_WARN_UNREACHABLE_CODE = YES;
				CLANG_WARN__DUPLICATE_METHOD_MATCH = YES;
				COPY_PHASE_STRIP = NO;
				DEBUG_INFORMATION_FORMAT = dwarf;
				ENABLE_STRICT_OBJC_MSGSEND = YES;
				ENABLE_TESTABILITY = YES;
				GCC_C_LANGUAGE_STANDARD = gnu11;
				GCC_DYNAMIC_NO_PIC = NO;
				GCC_NO_COMMON_BLOCKS = YES;
				GCC_OPTIMIZATION_LEVEL = 0;
				GCC_PREPROCESSOR_DEFINITIONS = (
					"DEBUG=1",
					"$(inherited)",
				);
				GCC_WARN_64_TO_32_BIT_CONVERSION = YES;
				GCC_WARN_ABOUT_RETURN_TYPE = YES_ERROR;
				GCC_WARN_UNDECLARED_SELECTOR = YES;
				GCC_WARN_UNINITIALIZED_AUTOS = YES_AGGRESSIVE;
				GCC_WARN_UNUSED_FUNCTION = YES;
				GCC_WARN_UNUSED_VARIABLE = YES;
				IPHONEOS_DEPLOYMENT_TARGET = 15.5;
				MTL_ENABLE_DEBUG_INFO = INCLUDE_SOURCE;
				MTL_FAST_MATH = YES;
				ONLY_ACTIVE_ARCH = YES;
				SDKROOT = iphoneos;
				SWIFT_ACTIVE_COMPILATION_CONDITIONS = DEBUG;
				SWIFT_OPTIMIZATION_LEVEL = "-Onone";
			};
			name = Debug;
		};
		BD677B40289816D800DC7800 /* Release */ = {
			isa = XCBuildConfiguration;
			buildSettings = {
				ALWAYS_SEARCH_USER_PATHS = NO;
				CLANG_ANALYZER_NONNULL = YES;
				CLANG_ANALYZER_NUMBER_OBJECT_CONVERSION = YES_AGGRESSIVE;
				CLANG_CXX_LANGUAGE_STANDARD = "gnu++17";
				CLANG_ENABLE_MODULES = YES;
				CLANG_ENABLE_OBJC_ARC = YES;
				CLANG_ENABLE_OBJC_WEAK = YES;
				CLANG_WARN_BLOCK_CAPTURE_AUTORELEASING = YES;
				CLANG_WARN_BOOL_CONVERSION = YES;
				CLANG_WARN_COMMA = YES;
				CLANG_WARN_CONSTANT_CONVERSION = YES;
				CLANG_WARN_DEPRECATED_OBJC_IMPLEMENTATIONS = YES;
				CLANG_WARN_DIRECT_OBJC_ISA_USAGE = YES_ERROR;
				CLANG_WARN_DOCUMENTATION_COMMENTS = YES;
				CLANG_WARN_EMPTY_BODY = YES;
				CLANG_WARN_ENUM_CONVERSION = YES;
				CLANG_WARN_INFINITE_RECURSION = YES;
				CLANG_WARN_INT_CONVERSION = YES;
				CLANG_WARN_NON_LITERAL_NULL_CONVERSION = YES;
				CLANG_WARN_OBJC_IMPLICIT_RETAIN_SELF = YES;
				CLANG_WARN_OBJC_LITERAL_CONVERSION = YES;
				CLANG_WARN_OBJC_ROOT_CLASS = YES_ERROR;
				CLANG_WARN_QUOTED_INCLUDE_IN_FRAMEWORK_HEADER = YES;
				CLANG_WARN_RANGE_LOOP_ANALYSIS = YES;
				CLANG_WARN_STRICT_PROTOTYPES = YES;
				CLANG_WARN_SUSPICIOUS_MOVE = YES;
				CLANG_WARN_UNGUARDED_AVAILABILITY = YES_AGGRESSIVE;
				CLANG_WARN_UNREACHABLE_CODE = YES;
				CLANG_WARN__DUPLICATE_METHOD_MATCH = YES;
				COPY_PHASE_STRIP = NO;
				DEBUG_INFORMATION_FORMAT = "dwarf-with-dsym";
				ENABLE_NS_ASSERTIONS = NO;
				ENABLE_STRICT_OBJC_MSGSEND = YES;
				GCC_C_LANGUAGE_STANDARD = gnu11;
				GCC_NO_COMMON_BLOCKS = YES;
				GCC_WARN_64_TO_32_BIT_CONVERSION = YES;
				GCC_WARN_ABOUT_RETURN_TYPE = YES_ERROR;
				GCC_WARN_UNDECLARED_SELECTOR = YES;
				GCC_WARN_UNINITIALIZED_AUTOS = YES_AGGRESSIVE;
				GCC_WARN_UNUSED_FUNCTION = YES;
				GCC_WARN_UNUSED_VARIABLE = YES;
				IPHONEOS_DEPLOYMENT_TARGET = 15.5;
				MTL_ENABLE_DEBUG_INFO = NO;
				MTL_FAST_MATH = YES;
				SDKROOT = iphoneos;
				SWIFT_COMPILATION_MODE = wholemodule;
				SWIFT_OPTIMIZATION_LEVEL = "-O";
				VALIDATE_PRODUCT = YES;
			};
			name = Release;
		};
		BD677B42289816D800DC7800 /* Debug */ = {
			isa = XCBuildConfiguration;
			buildSettings = {
				ASSETCATALOG_COMPILER_APPICON_NAME = AppIcon;
				ASSETCATALOG_COMPILER_GLOBAL_ACCENT_COLOR_NAME = AccentColor;
				CODE_SIGN_STYLE = Automatic;
				CURRENT_PROJECT_VERSION = 1;
				GENERATE_INFOPLIST_FILE = YES;
				INFOPLIST_FILE = github/Info.plist;
				INFOPLIST_KEY_UIApplicationSupportsIndirectInputEvents = YES;
				INFOPLIST_KEY_UILaunchStoryboardName = LaunchScreen;
				INFOPLIST_KEY_UIMainStoryboardFile = Main;
				INFOPLIST_KEY_UISupportedInterfaceOrientations_iPad = "UIInterfaceOrientationPortrait UIInterfaceOrientationPortraitUpsideDown UIInterfaceOrientationLandscapeLeft UIInterfaceOrientationLandscapeRight";
				INFOPLIST_KEY_UISupportedInterfaceOrientations_iPhone = "UIInterfaceOrientationPortrait UIInterfaceOrientationLandscapeLeft UIInterfaceOrientationLandscapeRight";
				LD_RUNPATH_SEARCH_PATHS = (
					"$(inherited)",
					"@executable_path/Frameworks",
				);
				MARKETING_VERSION = 1.0;
				PRODUCT_BUNDLE_IDENTIFIER = kwk.github;
				PRODUCT_NAME = "$(TARGET_NAME)";
				SWIFT_EMIT_LOC_STRINGS = YES;
				SWIFT_VERSION = 5.0;
				TARGETED_DEVICE_FAMILY = "1,2";
			};
			name = Debug;
		};
		BD677B43289816D800DC7800 /* Release */ = {
			isa = XCBuildConfiguration;
			buildSettings = {
				ASSETCATALOG_COMPILER_APPICON_NAME = AppIcon;
				ASSETCATALOG_COMPILER_GLOBAL_ACCENT_COLOR_NAME = AccentColor;
				CODE_SIGN_STYLE = Automatic;
				CURRENT_PROJECT_VERSION = 1;
				GENERATE_INFOPLIST_FILE = YES;
				INFOPLIST_FILE = github/Info.plist;
				INFOPLIST_KEY_UIApplicationSupportsIndirectInputEvents = YES;
				INFOPLIST_KEY_UILaunchStoryboardName = LaunchScreen;
				INFOPLIST_KEY_UIMainStoryboardFile = Main;
				INFOPLIST_KEY_UISupportedInterfaceOrientations_iPad = "UIInterfaceOrientationPortrait UIInterfaceOrientationPortraitUpsideDown UIInterfaceOrientationLandscapeLeft UIInterfaceOrientationLandscapeRight";
				INFOPLIST_KEY_UISupportedInterfaceOrientations_iPhone = "UIInterfaceOrientationPortrait UIInterfaceOrientationLandscapeLeft UIInterfaceOrientationLandscapeRight";
				LD_RUNPATH_SEARCH_PATHS = (
					"$(inherited)",
					"@executable_path/Frameworks",
				);
				MARKETING_VERSION = 1.0;
				PRODUCT_BUNDLE_IDENTIFIER = kwk.github;
				PRODUCT_NAME = "$(TARGET_NAME)";
				SWIFT_EMIT_LOC_STRINGS = YES;
				SWIFT_VERSION = 5.0;
				TARGETED_DEVICE_FAMILY = "1,2";
			};
			name = Release;
		};
		BD677B45289816D800DC7800 /* Debug */ = {
			isa = XCBuildConfiguration;
			buildSettings = {
				ALWAYS_EMBED_SWIFT_STANDARD_LIBRARIES = YES;
				BUNDLE_LOADER = "$(TEST_HOST)";
				CODE_SIGN_STYLE = Automatic;
				CURRENT_PROJECT_VERSION = 1;
				GENERATE_INFOPLIST_FILE = YES;
				IPHONEOS_DEPLOYMENT_TARGET = 15.5;
				MARKETING_VERSION = 1.0;
				PRODUCT_BUNDLE_IDENTIFIER = kwk.githubTests;
				PRODUCT_NAME = "$(TARGET_NAME)";
				SWIFT_EMIT_LOC_STRINGS = NO;
				SWIFT_VERSION = 5.0;
				TARGETED_DEVICE_FAMILY = "1,2";
				TEST_HOST = "$(BUILT_PRODUCTS_DIR)/github.app/github";
			};
			name = Debug;
		};
		BD677B46289816D800DC7800 /* Release */ = {
			isa = XCBuildConfiguration;
			buildSettings = {
				ALWAYS_EMBED_SWIFT_STANDARD_LIBRARIES = YES;
				BUNDLE_LOADER = "$(TEST_HOST)";
				CODE_SIGN_STYLE = Automatic;
				CURRENT_PROJECT_VERSION = 1;
				GENERATE_INFOPLIST_FILE = YES;
				IPHONEOS_DEPLOYMENT_TARGET = 15.5;
				MARKETING_VERSION = 1.0;
				PRODUCT_BUNDLE_IDENTIFIER = kwk.githubTests;
				PRODUCT_NAME = "$(TARGET_NAME)";
				SWIFT_EMIT_LOC_STRINGS = NO;
				SWIFT_VERSION = 5.0;
				TARGETED_DEVICE_FAMILY = "1,2";
				TEST_HOST = "$(BUILT_PRODUCTS_DIR)/github.app/github";
			};
			name = Release;
		};
		BD677B48289816D800DC7800 /* Debug */ = {
			isa = XCBuildConfiguration;
			buildSettings = {
				ALWAYS_EMBED_SWIFT_STANDARD_LIBRARIES = YES;
				CODE_SIGN_STYLE = Automatic;
				CURRENT_PROJECT_VERSION = 1;
				GENERATE_INFOPLIST_FILE = YES;
				MARKETING_VERSION = 1.0;
				PRODUCT_BUNDLE_IDENTIFIER = kwk.githubUITests;
				PRODUCT_NAME = "$(TARGET_NAME)";
				SWIFT_EMIT_LOC_STRINGS = NO;
				SWIFT_VERSION = 5.0;
				TARGETED_DEVICE_FAMILY = "1,2";
				TEST_TARGET_NAME = github;
			};
			name = Debug;
		};
		BD677B49289816D800DC7800 /* Release */ = {
			isa = XCBuildConfiguration;
			buildSettings = {
				ALWAYS_EMBED_SWIFT_STANDARD_LIBRARIES = YES;
				CODE_SIGN_STYLE = Automatic;
				CURRENT_PROJECT_VERSION = 1;
				GENERATE_INFOPLIST_FILE = YES;
				MARKETING_VERSION = 1.0;
				PRODUCT_BUNDLE_IDENTIFIER = kwk.githubUITests;
				PRODUCT_NAME = "$(TARGET_NAME)";
				SWIFT_EMIT_LOC_STRINGS = NO;
				SWIFT_VERSION = 5.0;
				TARGETED_DEVICE_FAMILY = "1,2";
				TEST_TARGET_NAME = github;
			};
			name = Release;
		};
/* End XCBuildConfiguration section */

/* Begin XCConfigurationList section */
		BD677B0F289816D600DC7800 /* Build configuration list for PBXProject "github" */ = {
			isa = XCConfigurationList;
			buildConfigurations = (
				BD677B3F289816D800DC7800 /* Debug */,
				BD677B40289816D800DC7800 /* Release */,
			);
			defaultConfigurationIsVisible = 0;
			defaultConfigurationName = Release;
		};
		BD677B41289816D800DC7800 /* Build configuration list for PBXNativeTarget "github" */ = {
			isa = XCConfigurationList;
			buildConfigurations = (
				BD677B42289816D800DC7800 /* Debug */,
				BD677B43289816D800DC7800 /* Release */,
			);
			defaultConfigurationIsVisible = 0;
			defaultConfigurationName = Release;
		};
		BD677B44289816D800DC7800 /* Build configuration list for PBXNativeTarget "githubTests" */ = {
			isa = XCConfigurationList;
			buildConfigurations = (
				BD677B45289816D800DC7800 /* Debug */,
				BD677B46289816D800DC7800 /* Release */,
			);
			defaultConfigurationIsVisible = 0;
			defaultConfigurationName = Release;
		};
		BD677B47289816D800DC7800 /* Build configuration list for PBXNativeTarget "githubUITests" */ = {
			isa = XCConfigurationList;
			buildConfigurations = (
				BD677B48289816D800DC7800 /* Debug */,
				BD677B49289816D800DC7800 /* Release */,
			);
			defaultConfigurationIsVisible = 0;
			defaultConfigurationName = Release;
		};
/* End XCConfigurationList section */

/* Begin XCVersionGroup section */
		BD677B20289816D600DC7800 /* github.xcdatamodeld */ = {
			isa = XCVersionGroup;
			children = (
				BD677B21289816D600DC7800 /* github.xcdatamodel */,
			);
			currentVersion = BD677B21289816D600DC7800 /* github.xcdatamodel */;
			path = github.xcdatamodeld;
			sourceTree = "<group>";
			versionGroupType = wrapper.xcdatamodel;
		};
/* End XCVersionGroup section */
	};
	rootObject = BD677B0C289816D600DC7800 /* Project object */;
}
